github.com/pzx521521/huabanv3 v0.0.0-20241031053724-ccfc6294bd6b h1:ioIWW5D7ujyiNHsqEmZav3c/HpNxx0PPEfWjhbZtDL0=
github.com/pzx521521/huabanv3 v0.0.0-20241031053724-ccfc6294bd6b/go.mod h1:iD6U66Z32gIen2lqprZoo+Jj/pW+oztReDIAnkat7Og=
golang.org/x/sync v0.8.0 h1:3NFvSEYkUoMifnESzZl15y791HH1qU2xm6eCJU5ZPXQ=
golang.org/x/sync v0.8.0/go.mod h1:Czt+wKu1gCyEFDUtn0jG5QVvpJ6rzVqr5aXyt9drQfk=
